Microsoft Visual Studio Solution File, Format Version 12.00
# Visual Studio Version 17
VisualStudioVersion = 17.5.2.0
MinimumVisualStudioVersion = 10.0.40219.1
Project("{FAE04EC0-301F-11D3-BF4B-00C04F79EFBC}") = "SED.Api", "SED.Api\SED.Api.csproj", "{CC5C2E4B-4E34-6A35-6DEA-1DB8381CCAA6}"
EndProject
Global
	GlobalSection(SolutionConfigurationPlatforms) = preSolution
		Debug|Any CPU = Debug|Any CPU
		Release|Any CPU = Release|Any CPU
	EndGlobalSection
	GlobalSection(ProjectConfigurationPlatforms) = postSolution
		{CC5C2E4B-4E34-6A35-6DEA-1DB8381CCAA6}.Debug|Any CPU.ActiveCfg = Debug|Any CPU
		{CC5C2E4B-4E34-6A35-6DEA-1DB8381CCAA6}.Debug|Any CPU.Build.0 = Debug|Any CPU
		{CC5C2E4B-4E34-6A35-6DEA-1DB8381CCAA6}.Release|Any CPU.ActiveCfg = Release|Any CPU
		{CC5C2E4B-4E34-6A35-6DEA-1DB8381CCAA6}.Release|Any CPU.Build.0 = Release|Any CPU
	EndGlobalSection
	GlobalSection(SolutionProperties) = preSolution
		HideSolutionNode = FALSE
	EndGlobalSection
	GlobalSection(ExtensibilityGlobals) = postSolution
		SolutionGuid = {F1551795-B9B7-403A-8262-7A7AEDA9216B}
	EndGlobalSection
EndGlobal
